{
    "version": 3,
    "terraform_version": "0.10.4",
    "serial": 7,
    "lineage": "5051080a-938e-46b3-874f-cc4741cd908e",
    "modules": [
        {
            "path": [
                "root"
            ],
            "outputs": {},
            "resources": {
                "aws_instance.web.0": {
                    "type": "aws_instance",
                    "depends_on": [],
                    "primary": {
                        "id": "i-033502aa2f5c4f66b",
                        "attributes": {
                            "ami": "ami-1d4e7a66",
                            "associate_public_ip_address": "true",
                            "availability_zone": "us-east-1a",
                            "disable_api_termination": "false",
                            "ebs_block_device.#": "0",
                            "ebs_optimized": "false",
                            "ephemeral_block_device.#": "0",
                            "iam_instance_profile": "",
                            "id": "i-033502aa2f5c4f66b",
                            "instance_state": "running",
                            "instance_type": "t2.micro",
                            "ipv6_addresses.#": "0",
                            "key_name": "",
                            "monitoring": "false",
                            "network_interface.#": "0",
                            "network_interface_id": "eni-ff730c4a",
                            "primary_network_interface_id": "eni-ff730c4a",
                            "private_dns": "ip-10-1-1-149.ec2.internal",
                            "private_ip": "10.1.1.149",
                            "public_dns": "ec2-34-226-204-134.compute-1.amazonaws.com",
                            "public_ip": "34.226.204.134",
                            "root_block_device.#": "1",
                            "root_block_device.0.delete_on_termination": "true",
                            "root_block_device.0.iops": "100",
                            "root_block_device.0.volume_size": "8",
                            "root_block_device.0.volume_type": "gp2",
                            "security_groups.#": "0",
                            "source_dest_check": "true",
                            "subnet_id": "subnet-77f9d52d",
                            "tags.%": "4",
                            "tags.Identity": "terraform-slug",
                            "tags.Name": "web 1/2",
                            "tags.myOwnTag": "wei",
                            "tags.myOwner": "wei",
                            "tenancy": "default",
                            "volume_tags.%": "0",
                            "vpc_security_group_ids.#": "1",
                            "vpc_security_group_ids.3725347936": "sg-e72efe94"
                        },
                        "meta": {
                            "e2bfb730-ecaa-11e6-8f88-34363bc7c4c0": {
                                "create": 600000000000,
                                "delete": 600000000000,
                                "update": 600000000000
                            },
                            "schema_version": "1"
                        },
                        "tainted": false
                    },
                    "deposed": [],
                    "provider": ""
                },
                "aws_instance.web.1": {
                    "type": "aws_instance",
                    "depends_on": [],
                    "primary": {
                        "id": "i-00266db5f868d23f5",
                        "attributes": {
                            "ami": "ami-1d4e7a66",
                            "associate_public_ip_address": "true",
                            "availability_zone": "us-east-1a",
                            "disable_api_termination": "false",
                            "ebs_block_device.#": "0",
                            "ebs_optimized": "false",
                            "ephemeral_block_device.#": "0",
                            "iam_instance_profile": "",
                            "id": "i-00266db5f868d23f5",
                            "instance_state": "running",
                            "instance_type": "t2.micro",
                            "ipv6_addresses.#": "0",
                            "key_name": "",
                            "monitoring": "false",
                            "network_interface.#": "0",
                            "network_interface_id": "eni-d5196060",
                            "primary_network_interface_id": "eni-d5196060",
                            "private_dns": "ip-10-1-1-66.ec2.internal",
                            "private_ip": "10.1.1.66",
                            "public_dns": "ec2-52-91-66-194.compute-1.amazonaws.com",
                            "public_ip": "52.91.66.194",
                            "root_block_device.#": "1",
                            "root_block_device.0.delete_on_termination": "true",
                            "root_block_device.0.iops": "100",
                            "root_block_device.0.volume_size": "8",
                            "root_block_device.0.volume_type": "gp2",
                            "security_groups.#": "0",
                            "source_dest_check": "true",
                            "subnet_id": "subnet-77f9d52d",
                            "tags.%": "4",
                            "tags.Identity": "terraform-slug",
                            "tags.Name": "web 2/2",
                            "tags.myOwnTag": "wei",
                            "tags.myOwner": "wei",
                            "tenancy": "default",
                            "volume_tags.%": "0",
                            "vpc_security_group_ids.#": "1",
                            "vpc_security_group_ids.3725347936": "sg-e72efe94"
                        },
                        "meta": {
                            "e2bfb730-ecaa-11e6-8f88-34363bc7c4c0": {
                                "create": 600000000000,
                                "delete": 600000000000,
                                "update": 600000000000
                            },
                            "schema_version": "1"
                        },
                        "tainted": false
                    },
                    "deposed": [],
                    "provider": ""
                }
            },
            "depends_on": []
        }
    ]
}
